
Microsoft Visual Studio Solution File, Format Version 12.00
# Visual Studio Version 17
VisualStudioVersion = 17.4.33205.214
MinimumVisualStudioVersion = 10.0.40219.1
Project("{FAE04EC0-301F-11D3-BF4B-00C04F79EFBC}") = "KultaHax", "KultaHax\KultaHax.csproj", "{4D643050-E142-4314-A587-61470602CCF3}"
EndProject
Global
	GlobalSection(SolutionConfigurationPlatforms) = preSolution
		Debug|Any CPU = Debug|Any CPU
		Release|Any CPU = Release|Any CPU
	EndGlobalSection
	GlobalSection(ProjectConfigurationPlatforms) = postSolution
		{4D643050-E142-4314-A587-61470602CCF3}.Debug|Any CPU.ActiveCfg = Debug|Any CPU
		{4D643050-E142-4314-A587-61470602CCF3}.Debug|Any CPU.Build.0 = Debug|Any CPU
		{4D643050-E142-4314-A587-61470602CCF3}.Release|Any CPU.ActiveCfg = Release|Any CPU
		{4D643050-E142-4314-A587-61470602CCF3}.Release|Any CPU.Build.0 = Release|Any CPU
	EndGlobalSection
	GlobalSection(SolutionProperties) = preSolution
		HideSolutionNode = FALSE
	EndGlobalSection
	GlobalSection(ExtensibilityGlobals) = postSolution
		SolutionGuid = {302FBA55-0025-46FF-9EF4-C54AA2D43EA8}
	EndGlobalSection
EndGlobal
